
Microsoft Visual Studio Solution File, Format Version 12.00
# Visual Studio 15
VisualStudioVersion = 15.0.28010.2036
MinimumVisualStudioVersion = 10.0.40219.1
Project("{9A19103F-16F7-4668-BE54-9A1E7A4F7556}") = "FullTextSearchXamarinForms", "FullTextSearchXamarinForms\FullTextSearchXamarinForms.csproj", "{B11C9268-A036-4145-9A51-43F226917403}"
EndProject
Project("{FAE04EC0-301F-11D3-BF4B-00C04F79EFBC}") = "FullTextSearchXamarinForms.Android", "FullTextSearchXamarinForms.Android\FullTextSearchXamarinForms.Android.csproj", "{25AEC0E6-68BC-4507-A730-EE88A56FABFD}"
EndProject
Project("{FAE04EC0-301F-11D3-BF4B-00C04F79EFBC}") = "FullTextSearchXamarinForms.iOS", "FullTextSearchXamarinForms.iOS\FullTextSearchXamarinForms.iOS.csproj", "{00F5FCA7-5A36-444C-96ED-601F273CAE07}"
EndProject
Global
	GlobalSection(SolutionConfigurationPlatforms) = preSolution
		Ad-Hoc|Any CPU = Ad-Hoc|Any CPU
		Ad-Hoc|ARM = Ad-Hoc|ARM
		Ad-Hoc|iPhone = Ad-Hoc|iPhone
		Ad-Hoc|iPhoneSimulator = Ad-Hoc|iPhoneSimulator
		Ad-Hoc|x64 = Ad-Hoc|x64
		Ad-Hoc|x86 = Ad-Hoc|x86
		AppStore|Any CPU = AppStore|Any CPU
		AppStore|ARM = AppStore|ARM
		AppStore|iPhone = AppStore|iPhone
		AppStore|iPhoneSimulator = AppStore|iPhoneSimulator
		AppStore|x64 = AppStore|x64
		AppStore|x86 = AppStore|x86
		Debug|Any CPU = Debug|Any CPU
		Debug|ARM = Debug|ARM
		Debug|iPhone = Debug|iPhone
		Debug|iPhoneSimulator = Debug|iPhoneSimulator
		Debug|x64 = Debug|x64
		Debug|x86 = Debug|x86
		Release|Any CPU = Release|Any CPU
		Release|ARM = Release|ARM
		Release|iPhone = Release|iPhone
		Release|iPhoneSimulator = Release|iPhoneSimulator
		Release|x64 = Release|x64
		Release|x86 = Release|x86
	EndGlobalSection
	GlobalSection(ProjectConfigurationPlatforms) = postSolution
		{B11C9268-A036-4145-9A51-43F226917403}.Ad-Hoc|Any CPU.ActiveCfg = Debug|Any CPU
		{B11C9268-A036-4145-9A51-43F226917403}.Ad-Hoc|Any CPU.Build.0 = Debug|Any CPU
		{B11C9268-A036-4145-9A51-43F226917403}.Ad-Hoc|ARM.ActiveCfg = Debug|Any CPU
		{B11C9268-A036-4145-9A51-43F226917403}.Ad-Hoc|ARM.Build.0 = Debug|Any CPU
		{B11C9268-A036-4145-9A51-43F226917403}.Ad-Hoc|iPhone.ActiveCfg = Debug|Any CPU
		{B11C9268-A036-4145-9A51-43F226917403}.Ad-Hoc|iPhone.Build.0 = Debug|Any CPU
		{B11C9268-A036-4145-9A51-43F226917403}.Ad-Hoc|iPhoneSimulator.ActiveCfg = Debug|Any CPU
		{B11C9268-A036-4145-9A51-43F226917403}.Ad-Hoc|iPhoneSimulator.Build.0 = Debug|Any CPU
		{B11C9268-A036-4145-9A51-43F226917403}.Ad-Hoc|x64.ActiveCfg = Debug|Any CPU
		{B11C9268-A036-4145-9A51-43F226917403}.Ad-Hoc|x64.Build.0 = Debug|Any CPU
		{B11C9268-A036-4145-9A51-43F226917403}.Ad-Hoc|x86.ActiveCfg = Debug|Any CPU
		{B11C9268-A036-4145-9A51-43F226917403}.Ad-Hoc|x86.Build.0 = Debug|Any CPU
		{B11C9268-A036-4145-9A51-43F226917403}.AppStore|Any CPU.ActiveCfg = Debug|Any CPU
		{B11C9268-A036-4145-9A51-43F226917403}.AppStore|Any CPU.Build.0 = Debug|Any CPU
		{B11C9268-A036-4145-9A51-43F226917403}.AppStore|ARM.ActiveCfg = Debug|Any CPU
		{B11C9268-A036-4145-9A51-43F226917403}.AppStore|ARM.Build.0 = Debug|Any CPU
		{B11C9268-A036-4145-9A51-43F226917403}.AppStore|iPhone.ActiveCfg = Debug|Any CPU
		{B11C9268-A036-4145-9A51-43F226917403}.AppStore|iPhone.Build.0 = Debug|Any CPU
		{B11C9268-A036-4145-9A51-43F226917403}.AppStore|iPhoneSimulator.ActiveCfg = Debug|Any CPU
		{B11C9268-A036-4145-9A51-43F226917403}.AppStore|iPhoneSimulator.Build.0 = Debug|Any CPU
		{B11C9268-A036-4145-9A51-43F226917403}.AppStore|x64.ActiveCfg = Debug|Any CPU
		{B11C9268-A036-4145-9A51-43F226917403}.AppStore|x64.Build.0 = Debug|Any CPU
		{B11C9268-A036-4145-9A51-43F226917403}.AppStore|x86.ActiveCfg = Debug|Any CPU
		{B11C9268-A036-4145-9A51-43F226917403}.AppStore|x86.Build.0 = Debug|Any CPU
		{B11C9268-A036-4145-9A51-43F226917403}.Debug|Any CPU.ActiveCfg = Debug|Any CPU
		{B11C9268-A036-4145-9A51-43F226917403}.Debug|Any CPU.Build.0 = Debug|Any CPU
		{B11C9268-A036-4145-9A51-43F226917403}.Debug|ARM.ActiveCfg = Debug|Any CPU
		{B11C9268-A036-4145-9A51-43F226917403}.Debug|ARM.Build.0 = Debug|Any CPU
		{B11C9268-A036-4145-9A51-43F226917403}.Debug|iPhone.ActiveCfg = Debug|Any CPU
		{B11C9268-A036-4145-9A51-43F226917403}.Debug|iPhone.Build.0 = Debug|Any CPU
		{B11C9268-A036-4145-9A51-43F226917403}.Debug|iPhoneSimulator.ActiveCfg = Debug|Any CPU
		{B11C9268-A036-4145-9A51-43F226917403}.Debug|iPhoneSimulator.Build.0 = Debug|Any CPU
		{B11C9268-A036-4145-9A51-43F226917403}.Debug|x64.ActiveCfg = Debug|Any CPU
		{B11C9268-A036-4145-9A51-43F226917403}.Debug|x64.Build.0 = Debug|Any CPU
		{B11C9268-A036-4145-9A51-43F226917403}.Debug|x86.ActiveCfg = Debug|Any CPU
		{B11C9268-A036-4145-9A51-43F226917403}.Debug|x86.Build.0 = Debug|Any CPU
		{B11C9268-A036-4145-9A51-43F226917403}.Release|Any CPU.ActiveCfg = Release|Any CPU
		{B11C9268-A036-4145-9A51-43F226917403}.Release|Any CPU.Build.0 = Release|Any CPU
		{B11C9268-A036-4145-9A51-43F226917403}.Release|ARM.ActiveCfg = Release|Any CPU
		{B11C9268-A036-4145-9A51-43F226917403}.Release|ARM.Build.0 = Release|Any CPU
		{B11C9268-A036-4145-9A51-43F226917403}.Release|iPhone.ActiveCfg = Release|Any CPU
		{B11C9268-A036-4145-9A51-43F226917403}.Release|iPhone.Build.0 = Release|Any CPU
		{B11C9268-A036-4145-9A51-43F226917403}.Release|iPhoneSimulator.ActiveCfg = Release|Any CPU
		{B11C9268-A036-4145-9A51-43F226917403}.Release|iPhoneSimulator.Build.0 = Release|Any CPU
		{B11C9268-A036-4145-9A51-43F226917403}.Release|x64.ActiveCfg = Release|Any CPU
		{B11C9268-A036-4145-9A51-43F226917403}.Release|x64.Build.0 = Release|Any CPU
		{B11C9268-A036-4145-9A51-43F226917403}.Release|x86.ActiveCfg = Release|Any CPU
		{B11C9268-A036-4145-9A51-43F226917403}.Release|x86.Build.0 = Release|Any CPU
		{25AEC0E6-68BC-4507-A730-EE88A56FABFD}.Ad-Hoc|Any CPU.ActiveCfg = Release|Any CPU
		{25AEC0E6-68BC-4507-A730-EE88A56FABFD}.Ad-Hoc|Any CPU.Build.0 = Release|Any CPU
		{25AEC0E6-68BC-4507-A730-EE88A56FABFD}.Ad-Hoc|Any CPU.Deploy.0 = Release|Any CPU
		{25AEC0E6-68BC-4507-A730-EE88A56FABFD}.Ad-Hoc|ARM.ActiveCfg = Release|Any CPU
		{25AEC0E6-68BC-4507-A730-EE88A56FABFD}.Ad-Hoc|ARM.Build.0 = Release|Any CPU
		{25AEC0E6-68BC-4507-A730-EE88A56FABFD}.Ad-Hoc|ARM.Deploy.0 = Release|Any CPU
		{25AEC0E6-68BC-4507-A730-EE88A56FABFD}.Ad-Hoc|iPhone.ActiveCfg = Release|Any CPU
		{25AEC0E6-68BC-4507-A730-EE88A56FABFD}.Ad-Hoc|iPhone.Build.0 = Release|Any CPU
		{25AEC0E6-68BC-4507-A730-EE88A56FABFD}.Ad-Hoc|iPhone.Deploy.0 = Release|Any CPU
		{25AEC0E6-68BC-4507-A730-EE88A56FABFD}.Ad-Hoc|iPhoneSimulator.ActiveCfg = Release|Any CPU
		{25AEC0E6-68BC-4507-A730-EE88A56FABFD}.Ad-Hoc|iPhoneSimulator.Build.0 = Release|Any CPU
		{25AEC0E6-68BC-4507-A730-EE88A56FABFD}.Ad-Hoc|iPhoneSimulator.Deploy.0 = Release|Any CPU
		{25AEC0E6-68BC-4507-A730-EE88A56FABFD}.Ad-Hoc|x64.ActiveCfg = Release|Any CPU
		{25AEC0E6-68BC-4507-A730-EE88A56FABFD}.Ad-Hoc|x64.Build.0 = Release|Any CPU
		{25AEC0E6-68BC-4507-A730-EE88A56FABFD}.Ad-Hoc|x64.Deploy.0 = Release|Any CPU
		{25AEC0E6-68BC-4507-A730-EE88A56FABFD}.Ad-Hoc|x86.ActiveCfg = Release|Any CPU
		{25AEC0E6-68BC-4507-A730-EE88A56FABFD}.Ad-Hoc|x86.Build.0 = Release|Any CPU
		{25AEC0E6-68BC-4507-A730-EE88A56FABFD}.Ad-Hoc|x86.Deploy.0 = Release|Any CPU
		{25AEC0E6-68BC-4507-A730-EE88A56FABFD}.AppStore|Any CPU.ActiveCfg = Release|Any CPU
		{25AEC0E6-68BC-4507-A730-EE88A56FABFD}.AppStore|Any CPU.Build.0 = Release|Any CPU
		{25AEC0E6-68BC-4507-A730-EE88A56FABFD}.AppStore|Any CPU.Deploy.0 = Release|Any CPU
		{25AEC0E6-68BC-4507-A730-EE88A56FABFD}.AppStore|ARM.ActiveCfg = Release|Any CPU
		{25AEC0E6-68BC-4507-A730-EE88A56FABFD}.AppStore|ARM.Build.0 = Release|Any CPU
		{25AEC0E6-68BC-4507-A730-EE88A56FABFD}.AppStore|ARM.Deploy.0 = Release|Any CPU
		{25AEC0E6-68BC-4507-A730-EE88A56FABFD}.AppStore|iPhone.ActiveCfg = Release|Any CPU
		{25AEC0E6-68BC-4507-A730-EE88A56FABFD}.AppStore|iPhone.Build.0 = Release|Any CPU
		{25AEC0E6-68BC-4507-A730-EE88A56FABFD}.AppStore|iPhone.Deploy.0 = Release|Any CPU
		{25AEC0E6-68BC-4507-A730-EE88A56FABFD}.AppStore|iPhoneSimulator.ActiveCfg = Release|Any CPU
		{25AEC0E6-68BC-4507-A730-EE88A56FABFD}.AppStore|iPhoneSimulator.Build.0 = Release|Any CPU
		{25AEC0E6-68BC-4507-A730-EE88A56FABFD}.AppStore|iPhoneSimulator.Deploy.0 = Release|Any CPU
		{25AEC0E6-68BC-4507-A730-EE88A56FABFD}.AppStore|x64.ActiveCfg = Release|Any CPU
		{25AEC0E6-68BC-4507-A730-EE88A56FABFD}.AppStore|x64.Build.0 = Release|Any CPU
		{25AEC0E6-68BC-4507-A730-EE88A56FABFD}.AppStore|x64.Deploy.0 = Release|Any CPU
		{25AEC0E6-68BC-4507-A730-EE88A56FABFD}.AppStore|x86.ActiveCfg = Release|Any CPU
		{25AEC0E6-68BC-4507-A730-EE88A56FABFD}.AppStore|x86.Build.0 = Release|Any CPU
		{25AEC0E6-68BC-4507-A730-EE88A56FABFD}.AppStore|x86.Deploy.0 = Release|Any CPU
		{25AEC0E6-68BC-4507-A730-EE88A56FABFD}.Debug|Any CPU.ActiveCfg = Debug|Any CPU
		{25AEC0E6-68BC-4507-A730-EE88A56FABFD}.Debug|Any CPU.Build.0 = Debug|Any CPU
		{25AEC0E6-68BC-4507-A730-EE88A56FABFD}.Debug|Any CPU.Deploy.0 = Debug|Any CPU
		{25AEC0E6-68BC-4507-A730-EE88A56FABFD}.Debug|ARM.ActiveCfg = Debug|Any CPU
		{25AEC0E6-68BC-4507-A730-EE88A56FABFD}.Debug|ARM.Build.0 = Debug|Any CPU
		{25AEC0E6-68BC-4507-A730-EE88A56FABFD}.Debug|ARM.Deploy.0 = Debug|Any CPU
		{25AEC0E6-68BC-4507-A730-EE88A56FABFD}.Debug|iPhone.ActiveCfg = Debug|Any CPU
		{25AEC0E6-68BC-4507-A730-EE88A56FABFD}.Debug|iPhone.Build.0 = Debug|Any CPU
		{25AEC0E6-68BC-4507-A730-EE88A56FABFD}.Debug|iPhone.Deploy.0 = Debug|Any CPU
		{25AEC0E6-68BC-4507-A730-EE88A56FABFD}.Debug|iPhoneSimulator.ActiveCfg = Debug|Any CPU
		{25AEC0E6-68BC-4507-A730-EE88A56FABFD}.Debug|iPhoneSimulator.Build.0 = Debug|Any CPU
		{25AEC0E6-68BC-4507-A730-EE88A56FABFD}.Debug|iPhoneSimulator.Deploy.0 = Debug|Any CPU
		{25AEC0E6-68BC-4507-A730-EE88A56FABFD}.Debug|x64.ActiveCfg = Debug|Any CPU
		{25AEC0E6-68BC-4507-A730-EE88A56FABFD}.Debug|x64.Build.0 = Debug|Any CPU
		{25AEC0E6-68BC-4507-A730-EE88A56FABFD}.Debug|x64.Deploy.0 = Debug|Any CPU
		{25AEC0E6-68BC-4507-A730-EE88A56FABFD}.Debug|x86.ActiveCfg = Debug|Any CPU
		{25AEC0E6-68BC-4507-A730-EE88A56FABFD}.Debug|x86.Build.0 = Debug|Any CPU
		{25AEC0E6-68BC-4507-A730-EE88A56FABFD}.Debug|x86.Deploy.0 = Debug|Any CPU
		{25AEC0E6-68BC-4507-A730-EE88A56FABFD}.Release|Any CPU.ActiveCfg = Release|Any CPU
		{25AEC0E6-68BC-4507-A730-EE88A56FABFD}.Release|Any CPU.Build.0 = Release|Any CPU
		{25AEC0E6-68BC-4507-A730-EE88A56FABFD}.Release|Any CPU.Deploy.0 = Release|Any CPU
		{25AEC0E6-68BC-4507-A730-EE88A56FABFD}.Release|ARM.ActiveCfg = Release|Any CPU
		{25AEC0E6-68BC-4507-A730-EE88A56FABFD}.Release|ARM.Build.0 = Release|Any CPU
		{25AEC0E6-68BC-4507-A730-EE88A56FABFD}.Release|ARM.Deploy.0 = Release|Any CPU
		{25AEC0E6-68BC-4507-A730-EE88A56FABFD}.Release|iPhone.ActiveCfg = Release|Any CPU
		{25AEC0E6-68BC-4507-A730-EE88A56FABFD}.Release|iPhone.Build.0 = Release|Any CPU
		{25AEC0E6-68BC-4507-A730-EE88A56FABFD}.Release|iPhone.Deploy.0 = Release|Any CPU
		{25AEC0E6-68BC-4507-A730-EE88A56FABFD}.Release|iPhoneSimulator.ActiveCfg = Release|Any CPU
		{25AEC0E6-68BC-4507-A730-EE88A56FABFD}.Release|iPhoneSimulator.Build.0 = Release|Any CPU
		{25AEC0E6-68BC-4507-A730-EE88A56FABFD}.Release|iPhoneSimulator.Deploy.0 = Release|Any CPU
		{25AEC0E6-68BC-4507-A730-EE88A56FABFD}.Release|x64.ActiveCfg = Release|Any CPU
		{25AEC0E6-68BC-4507-A730-EE88A56FABFD}.Release|x64.Build.0 = Release|Any CPU
		{25AEC0E6-68BC-4507-A730-EE88A56FABFD}.Release|x64.Deploy.0 = Release|Any CPU
		{25AEC0E6-68BC-4507-A730-EE88A56FABFD}.Release|x86.ActiveCfg = Release|Any CPU
		{25AEC0E6-68BC-4507-A730-EE88A56FABFD}.Release|x86.Build.0 = Release|Any CPU
		{25AEC0E6-68BC-4507-A730-EE88A56FABFD}.Release|x86.Deploy.0 = Release|Any CPU
		{00F5FCA7-5A36-444C-96ED-601F273CAE07}.Ad-Hoc|Any CPU.ActiveCfg = Ad-Hoc|iPhone
		{00F5FCA7-5A36-444C-96ED-601F273CAE07}.Ad-Hoc|ARM.ActiveCfg = Ad-Hoc|iPhone
		{00F5FCA7-5A36-444C-96ED-601F273CAE07}.Ad-Hoc|iPhone.ActiveCfg = Ad-Hoc|iPhone
		{00F5FCA7-5A36-444C-96ED-601F273CAE07}.Ad-Hoc|iPhone.Build.0 = Ad-Hoc|iPhone
		{00F5FCA7-5A36-444C-96ED-601F273CAE07}.Ad-Hoc|iPhoneSimulator.ActiveCfg = Ad-Hoc|iPhoneSimulator
		{00F5FCA7-5A36-444C-96ED-601F273CAE07}.Ad-Hoc|iPhoneSimulator.Build.0 = Ad-Hoc|iPhoneSimulator
		{00F5FCA7-5A36-444C-96ED-601F273CAE07}.Ad-Hoc|x64.ActiveCfg = Ad-Hoc|iPhone
		{00F5FCA7-5A36-444C-96ED-601F273CAE07}.Ad-Hoc|x86.ActiveCfg = Ad-Hoc|iPhone
		{00F5FCA7-5A36-444C-96ED-601F273CAE07}.AppStore|Any CPU.ActiveCfg = AppStore|iPhone
		{00F5FCA7-5A36-444C-96ED-601F273CAE07}.AppStore|ARM.ActiveCfg = AppStore|iPhone
		{00F5FCA7-5A36-444C-96ED-601F273CAE07}.AppStore|iPhone.ActiveCfg = AppStore|iPhone
		{00F5FCA7-5A36-444C-96ED-601F273CAE07}.AppStore|iPhone.Build.0 = AppStore|iPhone
		{00F5FCA7-5A36-444C-96ED-601F273CAE07}.AppStore|iPhoneSimulator.ActiveCfg = AppStore|iPhoneSimulator
		{00F5FCA7-5A36-444C-96ED-601F273CAE07}.AppStore|iPhoneSimulator.Build.0 = AppStore|iPhoneSimulator
		{00F5FCA7-5A36-444C-96ED-601F273CAE07}.AppStore|x64.ActiveCfg = AppStore|iPhone
		{00F5FCA7-5A36-444C-96ED-601F273CAE07}.AppStore|x86.ActiveCfg = AppStore|iPhone
		{00F5FCA7-5A36-444C-96ED-601F273CAE07}.Debug|Any CPU.ActiveCfg = Debug|iPhone
		{00F5FCA7-5A36-444C-96ED-601F273CAE07}.Debug|ARM.ActiveCfg = Debug|iPhone
		{00F5FCA7-5A36-444C-96ED-601F273CAE07}.Debug|iPhone.ActiveCfg = Debug|iPhone
		{00F5FCA7-5A36-444C-96ED-601F273CAE07}.Debug|iPhone.Build.0 = Debug|iPhone
		{00F5FCA7-5A36-444C-96ED-601F273CAE07}.Debug|iPhoneSimulator.ActiveCfg = Debug|iPhoneSimulator
		{00F5FCA7-5A36-444C-96ED-601F273CAE07}.Debug|iPhoneSimulator.Build.0 = Debug|iPhoneSimulator
		{00F5FCA7-5A36-444C-96ED-601F273CAE07}.Debug|x64.ActiveCfg = Debug|iPhone
		{00F5FCA7-5A36-444C-96ED-601F273CAE07}.Debug|x86.ActiveCfg = Debug|iPhone
		{00F5FCA7-5A36-444C-96ED-601F273CAE07}.Release|Any CPU.ActiveCfg = Release|iPhone
		{00F5FCA7-5A36-444C-96ED-601F273CAE07}.Release|ARM.ActiveCfg = Release|iPhone
		{00F5FCA7-5A36-444C-96ED-601F273CAE07}.Release|iPhone.ActiveCfg = Release|iPhone
		{00F5FCA7-5A36-444C-96ED-601F273CAE07}.Release|iPhone.Build.0 = Release|iPhone
		{00F5FCA7-5A36-444C-96ED-601F273CAE07}.Release|iPhoneSimulator.ActiveCfg = Release|iPhoneSimulator
		{00F5FCA7-5A36-444C-96ED-601F273CAE07}.Release|iPhoneSimulator.Build.0 = Release|iPhoneSimulator
		{00F5FCA7-5A36-444C-96ED-601F273CAE07}.Release|x64.ActiveCfg = Release|iPhone
		{00F5FCA7-5A36-444C-96ED-601F273CAE07}.Release|x86.ActiveCfg = Release|iPhone
	EndGlobalSection
	GlobalSection(SolutionProperties) = preSolution
		HideSolutionNode = FALSE
	EndGlobalSection
	GlobalSection(ExtensibilityGlobals) = postSolution
		SolutionGuid = {2870432C-903C-417E-8C1C-D2B0FB6650F4}
	EndGlobalSection
EndGlobal
